<?xml version="1.0" encoding="utf-8"?>
<Project ToolsVersion="4.0" xmlns="http://schemas.microsoft.com/developer/msbuild/2003">
  <ItemGroup>
    <Filter Include="ciphers">
      <UniqueIdentifier>{e8a0b783-1753-47ec-9e71-6604a158c92c}</UniqueIdentifier>
    </Filter>
    <Filter Include="ciphers\aes">
      <UniqueIdentifier>{95c0f852-4cb2-4ade-ae81-63d8d2102beb}</UniqueIdentifier>
    </Filter>
    <Filter Include="ciphers\safer">
      <UniqueIdentifier>{0366da57-72d6-44ec-8365-1d4340eb92e6}</UniqueIdentifier>
    </Filter>
    <Filter Include="ciphers\twofish">
      <UniqueIdentifier>{2dd48034-288f-4642-9582-4ec3c3b78a98}</UniqueIdentifier>
    </Filter>
    <Filter Include="encauth">
      <UniqueIdentifier>{547106ef-4c61-4159-9356-4175b4bf949b}</UniqueIdentifier>
    </Filter>
    <Filter Include="encauth\ccm">
      <UniqueIdentifier>{6d8d7a3b-3d35-4fdf-9441-e064de995792}</UniqueIdentifier>
    </Filter>
    <Filter Include="encauth\chachapoly">
      <UniqueIdentifier>{3ebc4b83-d1f9-4841-8d2b-cfafa46d0175}</UniqueIdentifier>
    </Filter>
    <Filter Include="encauth\eax">
      <UniqueIdentifier>{61bbfd44-e289-4a0f-8db7-348948d8a393}</UniqueIdentifier>
    </Filter>
    <Filter Include="encauth\gcm">
      <UniqueIdentifier>{071ea19c-a9be-4794-a241-d696be2d4071}</UniqueIdentifier>
    </Filter>
    <Filter Include="encauth\ocb">
      <UniqueIdentifier>{2c86f87f-7a0a-4f71-aa58-dac9dcceae15}</UniqueIdentifier>
    </Filter>
    <Filter Include="encauth\ocb3">
      <UniqueIdentifier>{12ce7fcc-e60f-4b41-bd5d-fada0caa5a39}</UniqueIdentifier>
    </Filter>
    <Filter Include="hashes">
      <UniqueIdentifier>{d4ea7de4-4308-4a27-a705-acce1ab54c90}</UniqueIdentifier>
    </Filter>
    <Filter Include="hashes\chc">
      <UniqueIdentifier>{3a60a339-d9a5-424f-8806-1a1f28d8275e}</UniqueIdentifier>
    </Filter>
    <Filter Include="hashes\helper">
      <UniqueIdentifier>{5222b6ef-e395-4fc4-80ce-71a36c3f48ad}</UniqueIdentifier>
    </Filter>
    <Filter Include="hashes\sha2">
      <UniqueIdentifier>{d1ee2205-f5e4-46ea-a2c0-77f221d77169}</UniqueIdentifier>
    </Filter>
    <Filter Include="hashes\whirl">
      <UniqueIdentifier>{18ba816c-26da-4427-a387-e0901dbcd1fe}</UniqueIdentifier>
    </Filter>
    <Filter Include="headers">
      <UniqueIdentifier>{0b66e096-fd42-4533-98f6-a0cf3a4afa63}</UniqueIdentifier>
    </Filter>
    <Filter Include="mac">
      <UniqueIdentifier>{56f572cd-f68c-43fb-9030-bb1b2490bd70}</UniqueIdentifier>
    </Filter>
    <Filter Include="mac\blake2">
      <UniqueIdentifier>{f320a42c-4ea2-4682-a7e9-717c03af5a70}</UniqueIdentifier>
    </Filter>
    <Filter Include="mac\f9">
      <UniqueIdentifier>{24ef0a5e-42d8-4238-9e86-76ac740e81dd}</UniqueIdentifier>
    </Filter>
    <Filter Include="mac\hmac">
      <UniqueIdentifier>{408ab6a4-d198-40b8-8902-ed9cb3cefcfa}</UniqueIdentifier>
    </Filter>
    <Filter Include="mac\omac">
      <UniqueIdentifier>{c831b180-1737-474f-8ed7-c78810d13b4f}</UniqueIdentifier>
    </Filter>
    <Filter Include="mac\pelican">
      <UniqueIdentifier>{498585c7-c848-443a-9d8d-6d3ee8008c8a}</UniqueIdentifier>
    </Filter>
    <Filter Include="mac\pmac">
      <UniqueIdentifier>{8baac2b4-e1f6-4890-9a51-1d728aab34c1}</UniqueIdentifier>
    </Filter>
    <Filter Include="mac\poly1305">
      <UniqueIdentifier>{c0048df2-9b80-4482-a3b9-8bf6ebfe8132}</UniqueIdentifier>
    </Filter>
    <Filter Include="mac\xcbc">
      <UniqueIdentifier>{a22572c4-4350-4c99-9cc1-9a2739a76390}</UniqueIdentifier>
    </Filter>
    <Filter Include="math">
      <UniqueIdentifier>{0915cfe3-d7a3-4d7d-a758-167ebe3793c3}</UniqueIdentifier>
    </Filter>
    <Filter Include="math\fp">
      <UniqueIdentifier>{74ed5f0d-72a2-45fc-8049-323a348657fa}</UniqueIdentifier>
    </Filter>
    <Filter Include="misc">
      <UniqueIdentifier>{dec581c7-17cb-47b5-8793-0c8981eb6a4c}</UniqueIdentifier>
    </Filter>
    <Filter Include="misc\base16">
      <UniqueIdentifier>{b0eb8d69-a0ec-4711-b24e-906f9c92c8e8}</UniqueIdentifier>
    </Filter>
    <Filter Include="misc\base32">
      <UniqueIdentifier>{702b6088-d5a7-4c7a-8ba2-7e0c82344d86}</UniqueIdentifier>
    </Filter>
    <Filter Include="misc\base64">
      <UniqueIdentifier>{f3b4163e-16a0-4aca-97f6-8f5a5bcab8cf}</UniqueIdentifier>
    </Filter>
    <Filter Include="misc\crypt">
      <UniqueIdentifier>{2afe9e0d-cf0f-4ff0-b7eb-f614d0759d26}</UniqueIdentifier>
    </Filter>
    <Filter Include="misc\hkdf">
      <UniqueIdentifier>{34c4fbc6-b6f5-4670-8d82-503fcfdacdda}</UniqueIdentifier>
    </Filter>
    <Filter Include="misc\padding">
      <UniqueIdentifier>{6c1b70b4-3a5e-45a4-8fdf-c3acdb86aace}</UniqueIdentifier>
    </Filter>
    <Filter Include="misc\pbes">
      <UniqueIdentifier>{bb7b5b9e-a302-42d0-a9e4-dca8415e9938}</UniqueIdentifier>
    </Filter>
    <Filter Include="misc\pkcs12">
      <UniqueIdentifier>{b1e53734-911b-430c-b65f-229e685ca9d9}</UniqueIdentifier>
    </Filter>
    <Filter Include="misc\pkcs5">
      <UniqueIdentifier>{be2e7dd9-5c4c-4651-8a80-e2c5d377cf66}</UniqueIdentifier>
    </Filter>
    <Filter Include="misc\ssh">
      <UniqueIdentifier>{b304e8e1-48d1-417c-b541-631a6c78911e}</UniqueIdentifier>
    </Filter>
    <Filter Include="modes">
      <UniqueIdentifier>{fba6fc87-939e-457a-b0ab-56f5185d10f7}</UniqueIdentifier>
    </Filter>
    <Filter Include="modes\cbc">
      <UniqueIdentifier>{b5d81de8-f64e-4428-b73c-31e3ee9528ca}</UniqueIdentifier>
    </Filter>
    <Filter Include="modes\cfb">
      <UniqueIdentifier>{fd246df9-ac4f-4485-9afa-e57b570099ac}</UniqueIdentifier>
    </Filter>
    <Filter Include="modes\ctr">
      <UniqueIdentifier>{7b790ab4-c66a-435b-ad90-df32d18b76fc}</UniqueIdentifier>
    </Filter>
    <Filter Include="modes\ecb">
      <UniqueIdentifier>{c6602ac9-7468-4fc4-9b68-791468f13b47}</UniqueIdentifier>
    </Filter>
    <Filter Include="modes\f8">
      <UniqueIdentifier>{6196275f-f4ec-4536-9c20-332a9f0cdc5c}</UniqueIdentifier>
    </Filter>
    <Filter Include="modes\lrw">
      <UniqueIdentifier>{1a293a78-184f-4e39-bd4c-548061707525}</UniqueIdentifier>
    </Filter>
    <Filter Include="modes\ofb">
      <UniqueIdentifier>{a9368c48-12e9-4dda-bb75-b5546a6f77f8}</UniqueIdentifier>
    </Filter>
    <Filter Include="modes\xts">
      <UniqueIdentifier>{ca74444b-c205-4df9-869b-1f32c99b9d4a}</UniqueIdentifier>
    </Filter>
    <Filter Include="pk">
      <UniqueIdentifier>{63ff4bf2-0ca0-4ed3-aaf7-7ad70b669880}</UniqueIdentifier>
    </Filter>
    <Filter Include="pk\asn1">
      <UniqueIdentifier>{8e9f5568-b971-4d10-b517-40ff93e5c4b2}</UniqueIdentifier>
    </Filter>
    <Filter Include="pk\asn1\der">
      <UniqueIdentifier>{ae639617-931b-4a9e-a8e0-f5a81fb0e38d}</UniqueIdentifier>
    </Filter>
    <Filter Include="pk\asn1\der\bit">
      <UniqueIdentifier>{28a33db3-3ad3-42ca-ab55-857efb16f230}</UniqueIdentifier>
    </Filter>
    <Filter Include="pk\asn1\der\boolean">
      <UniqueIdentifier>{13890cea-0147-43eb-9577-16c17aa04762}</UniqueIdentifier>
    </Filter>
    <Filter Include="pk\asn1\der\choice">
      <UniqueIdentifier>{a84dd210-13de-4c62-bead-05ef78e318da}</UniqueIdentifier>
    </Filter>
    <Filter Include="pk\asn1\der\custom_type">
      <UniqueIdentifier>{d3dee10c-d655-491e-9562-ee65e697f7e4}</UniqueIdentifier>
    </Filter>
    <Filter Include="pk\asn1\der\general">
      <UniqueIdentifier>{8d3a6c64-ce94-4554-bf96-63041291272c}</UniqueIdentifier>
    </Filter>
    <Filter Include="pk\asn1\der\generalizedtime">
      <UniqueIdentifier>{6803ba95-7a3a-411f-8113-f49c898c20ef}</UniqueIdentifier>
    </Filter>
    <Filter Include="pk\asn1\der\ia5">
      <UniqueIdentifier>{0436d60a-fc29-4805-83a7-460defd7a99b}</UniqueIdentifier>
    </Filter>
    <Filter Include="pk\asn1\der\integer">
      <UniqueIdentifier>{894c5719-dbfe-42df-ab7e-2f147c2a5718}</UniqueIdentifier>
    </Filter>
    <Filter Include="pk\asn1\der\object_identifier">
      <UniqueIdentifier>{1164348a-6e22-417c-8a2f-b4c0eb4b8d21}</UniqueIdentifier>
    </Filter>
    <Filter Include="pk\asn1\der\octet">
      <UniqueIdentifier>{2e914b92-79fa-4f59-bfef-b9cd50b17c46}</UniqueIdentifier>
    </Filter>
    <Filter Include="pk\asn1\der\printable_string">
      <UniqueIdentifier>{9e06cd72-631c-4388-8c9b-8868c5f9343f}</UniqueIdentifier>
    </Filter>
    <Filter Include="pk\asn1\der\sequence">
      <UniqueIdentifier>{813fa06f-07df-4fa0-9f81-f576911dca25}</UniqueIdentifier>
    </Filter>
    <Filter Include="pk\asn1\der\set">
      <UniqueIdentifier>{b364196b-aeee-418f-ae70-6c78750aa6cc}</UniqueIdentifier>
    </Filter>
    <Filter Include="pk\asn1\der\short_integer">
      <UniqueIdentifier>{abd0d5be-c2ea-4285-b636-da156124411a}</UniqueIdentifier>
    </Filter>
    <Filter Include="pk\asn1\der\teletex_string">
      <UniqueIdentifier>{79877f3b-7534-42e6-a08e-8504116f7315}</UniqueIdentifier>
    </Filter>
    <Filter Include="pk\asn1\der\utctime">
      <UniqueIdentifier>{dbf98cde-549a-413f-924e-96271154e73b}</UniqueIdentifier>
    </Filter>
    <Filter Include="pk\asn1\der\utf8">
      <UniqueIdentifier>{e3e16c14-4db8-4863-9719-1c1c787b39ed}</UniqueIdentifier>
    </Filter>
    <Filter Include="pk\asn1\oid">
      <UniqueIdentifier>{3c7cd394-3b4d-4b04-b192-8005dff8a714}</UniqueIdentifier>
    </Filter>
    <Filter Include="pk\asn1\pkcs8">
      <UniqueIdentifier>{dd78832d-a89d-471e-9fc5-673a91a5436e}</UniqueIdentifier>
    </Filter>
    <Filter Include="pk\asn1\x509">
      <UniqueIdentifier>{1509419e-eb5d-476c-9be2-7f53db0ed2c5}</UniqueIdentifier>
    </Filter>
    <Filter Include="pk\dh">
      <UniqueIdentifier>{229bb203-bf59-4c75-9c25-d4acc0df1511}</UniqueIdentifier>
    </Filter>
    <Filter Include="pk\dsa">
      <UniqueIdentifier>{e92fe808-cea0-439d-9480-9a6c7395acbf}</UniqueIdentifier>
    </Filter>
    <Filter Include="pk\ecc">
      <UniqueIdentifier>{becd45dc-a136-4565-a3cc-dbd9b5b41347}</UniqueIdentifier>
    </Filter>
    <Filter Include="pk\pkcs1">
      <UniqueIdentifier>{6a8e66ad-430f-4184-aa1a-42005cc605e6}</UniqueIdentifier>
    </Filter>
    <Filter Include="pk\rsa">
      <UniqueIdentifier>{dc335965-f9b1-454b-a7da-f8a473979ad7}</UniqueIdentifier>
    </Filter>
    <Filter Include="prngs">
      <UniqueIdentifier>{0d333936-789f-4c75-a0fc-9a3f6b74e9d8}</UniqueIdentifier>
    </Filter>
    <Filter Include="stream">
      <UniqueIdentifier>{01d4e920-fef5-4a59-be0e-d64d0f1c455f}</UniqueIdentifier>
    </Filter>
    <Filter Include="stream\chacha">
      <UniqueIdentifier>{31a38967-ab4b-4c64-ac42-4fa29d0cdf95}</UniqueIdentifier>
    </Filter>
    <Filter Include="stream\rabbit">
      <UniqueIdentifier>{fe5e511d-ec0d-44ea-a565-8de5289e8181}</UniqueIdentifier>
    </Filter>
    <Filter Include="stream\rc4">
      <UniqueIdentifier>{4049df32-7a34-4f5d-aee6-d24e8293570e}</UniqueIdentifier>
    </Filter>
    <Filter Include="stream\salsa20">
      <UniqueIdentifier>{6cc8db02-185b-479a-9a69-d5f2293ad846}</UniqueIdentifier>
    </Filter>
    <Filter Include="stream\sober128">
      <UniqueIdentifier>{26e9f3a5-eb96-41da-96cf-4eddf5fcde80}</UniqueIdentifier>
    </Filter>
    <Filter Include="stream\sosemanuk">
      <UniqueIdentifier>{4217c6ea-da6b-4f79-9d8a-b42befa53c39}</UniqueIdentifier>
    </Filter>
  </ItemGroup>
  <ItemGroup>
    <ClCompile Include="src\ciphers\anubis.c">
      <Filter>ciphers</Filter>
    </ClCompile>
    <ClCompile Include="src\ciphers\blowfish.c">
      <Filter>ciphers</Filter>
    </ClCompile>
    <ClCompile Include="src\ciphers\camellia.c">
      <Filter>ciphers</Filter>
    </ClCompile>
    <ClCompile Include="src\ciphers\cast5.c">
      <Filter>ciphers</Filter>
    </ClCompile>
    <ClCompile Include="src\ciphers\des.c">
      <Filter>ciphers</Filter>
    </ClCompile>
    <ClCompile Include="src\ciphers\idea.c">
      <Filter>ciphers</Filter>
    </ClCompile>
    <ClCompile Include="src\ciphers\kasumi.c">
      <Filter>ciphers</Filter>
    </ClCompile>
    <ClCompile Include="src\ciphers\khazad.c">
      <Filter>ciphers</Filter>
    </ClCompile>
    <ClCompile Include="src\ciphers\kseed.c">
      <Filter>ciphers</Filter>
    </ClCompile>
    <ClCompile Include="src\ciphers\multi2.c">
      <Filter>ciphers</Filter>
    </ClCompile>
    <ClCompile Include="src\ciphers\noekeon.c">
      <Filter>ciphers</Filter>
    </ClCompile>
    <ClCompile Include="src\ciphers\rc2.c">
      <Filter>ciphers</Filter>
    </ClCompile>
    <ClCompile Include="src\ciphers\rc5.c">
      <Filter>ciphers</Filter>
    </ClCompile>
    <ClCompile Include="src\ciphers\rc6.c">
      <Filter>ciphers</Filter>
    </ClCompile>
    <ClCompile Include="src\ciphers\serpent.c">
      <Filter>ciphers</Filter>
    </ClCompile>
    <ClCompile Include="src\ciphers\skipjack.c">
      <Filter>ciphers</Filter>
    </ClCompile>
    <ClCompile Include="src\ciphers\xtea.c">
      <Filter>ciphers</Filter>
    </ClCompile>
    <ClCompile Include="src\ciphers\aes\aes.c">
      <Filter>ciphers\aes</Filter>
    </ClCompile>
    <ClCompile Include="src\ciphers\aes\aes_tab.c">
      <Filter>ciphers\aes</Filter>
    </ClCompile>
    <ClCompile Include="src\ciphers\safer\safer.c">
      <Filter>ciphers\safer</Filter>
    </ClCompile>
    <ClCompile Include="src\ciphers\safer\safer_tab.c">
      <Filter>ciphers\safer</Filter>
    </ClCompile>
    <ClCompile Include="src\ciphers\safer\saferp.c">
      <Filter>ciphers\safer</Filter>
    </ClCompile>
    <ClCompile Include="src\ciphers\twofish\twofish.c">
      <Filter>ciphers\twofish</Filter>
    </ClCompile>
    <ClCompile Include="src\ciphers\twofish\twofish_tab.c">
      <Filter>ciphers\twofish</Filter>
    </ClCompile>
    <ClCompile Include="src\encauth\ccm\ccm_add_aad.c">
      <Filter>encauth\ccm</Filter>
    </ClCompile>
    <ClCompile Include="src\encauth\ccm\ccm_add_nonce.c">
      <Filter>encauth\ccm</Filter>
    </ClCompile>
    <ClCompile Include="src\encauth\ccm\ccm_done.c">
      <Filter>encauth\ccm</Filter>
    </ClCompile>
    <ClCompile Include="src\encauth\ccm\ccm_init.c">
      <Filter>encauth\ccm</Filter>
    </ClCompile>
    <ClCompile Include="src\encauth\ccm\ccm_memory.c">
      <Filter>encauth\ccm</Filter>
    </ClCompile>
    <ClCompile Include="src\encauth\ccm\ccm_process.c">
      <Filter>encauth\ccm</Filter>
    </ClCompile>
    <ClCompile Include="src\encauth\ccm\ccm_reset.c">
      <Filter>encauth\ccm</Filter>
    </ClCompile>
    <ClCompile Include="src\encauth\ccm\ccm_test.c">
      <Filter>encauth\ccm</Filter>
    </ClCompile>
    <ClCompile Include="src\encauth\chachapoly\chacha20poly1305_add_aad.c">
      <Filter>encauth\chachapoly</Filter>
    </ClCompile>
    <ClCompile Include="src\encauth\chachapoly\chacha20poly1305_decrypt.c">
      <Filter>encauth\chachapoly</Filter>
    </ClCompile>
    <ClCompile Include="src\encauth\chachapoly\chacha20poly1305_done.c">
      <Filter>encauth\chachapoly</Filter>
    </ClCompile>
    <ClCompile Include="src\encauth\chachapoly\chacha20poly1305_encrypt.c">
      <Filter>encauth\chachapoly</Filter>
    </ClCompile>
    <ClCompile Include="src\encauth\chachapoly\chacha20poly1305_init.c">
      <Filter>encauth\chachapoly</Filter>
    </ClCompile>
    <ClCompile Include="src\encauth\chachapoly\chacha20poly1305_memory.c">
      <Filter>encauth\chachapoly</Filter>
    </ClCompile>
    <ClCompile Include="src\encauth\chachapoly\chacha20poly1305_setiv.c">
      <Filter>encauth\chachapoly</Filter>
    </ClCompile>
    <ClCompile Include="src\encauth\chachapoly\chacha20poly1305_setiv_rfc7905.c">
      <Filter>encauth\chachapoly</Filter>
    </ClCompile>
    <ClCompile Include="src\encauth\chachapoly\chacha20poly1305_test.c">
      <Filter>encauth\chachapoly</Filter>
    </ClCompile>
    <ClCompile Include="src\encauth\eax\eax_addheader.c">
      <Filter>encauth\eax</Filter>
    </ClCompile>
    <ClCompile Include="src\encauth\eax\eax_decrypt.c">
      <Filter>encauth\eax</Filter>
    </ClCompile>
    <ClCompile Include="src\encauth\eax\eax_decrypt_verify_memory.c">
      <Filter>encauth\eax</Filter>
    </ClCompile>
    <ClCompile Include="src\encauth\eax\eax_done.c">
      <Filter>encauth\eax</Filter>
    </ClCompile>
    <ClCompile Include="src\encauth\eax\eax_encrypt.c">
      <Filter>encauth\eax</Filter>
    </ClCompile>
    <ClCompile Include="src\encauth\eax\eax_encrypt_authenticate_memory.c">
      <Filter>encauth\eax</Filter>
    </ClCompile>
    <ClCompile Include="src\encauth\eax\eax_init.c">
      <Filter>encauth\eax</Filter>
    </ClCompile>
    <ClCompile Include="src\encauth\eax\eax_test.c">
      <Filter>encauth\eax</Filter>
    </ClCompile>
    <ClCompile Include="src\encauth\gcm\gcm_add_aad.c">
      <Filter>encauth\gcm</Filter>
    </ClCompile>
    <ClCompile Include="src\encauth\gcm\gcm_add_iv.c">
      <Filter>encauth\gcm</Filter>
    </ClCompile>
    <ClCompile Include="src\encauth\gcm\gcm_done.c">
      <Filter>encauth\gcm</Filter>
    </ClCompile>
    <ClCompile Include="src\encauth\gcm\gcm_gf_mult.c">
      <Filter>encauth\gcm</Filter>
    </ClCompile>
    <ClCompile Include="src\encauth\gcm\gcm_init.c">
      <Filter>encauth\gcm</Filter>
    </ClCompile>
    <ClCompile Include="src\encauth\gcm\gcm_memory.c">
      <Filter>encauth\gcm</Filter>
    </ClCompile>
    <ClCompile Include="src\encauth\gcm\gcm_mult_h.c">
      <Filter>encauth\gcm</Filter>
    </ClCompile>
    <ClCompile Include="src\encauth\gcm\gcm_process.c">
      <Filter>encauth\gcm</Filter>
    </ClCompile>
    <ClCompile Include="src\encauth\gcm\gcm_reset.c">
      <Filter>encauth\gcm</Filter>
    </ClCompile>
    <ClCompile Include="src\encauth\gcm\gcm_test.c">
      <Filter>encauth\gcm</Filter>
    </ClCompile>
    <ClCompile Include="src\encauth\ocb\ocb_decrypt.c">
      <Filter>encauth\ocb</Filter>
    </ClCompile>
    <ClCompile Include="src\encauth\ocb\ocb_decrypt_verify_memory.c">
      <Filter>encauth\ocb</Filter>
    </ClCompile>
    <ClCompile Include="src\encauth\ocb\ocb_done_decrypt.c">
      <Filter>encauth\ocb</Filter>
    </ClCompile>
    <ClCompile Include="src\encauth\ocb\ocb_done_encrypt.c">
      <Filter>encauth\ocb</Filter>
    </ClCompile>
    <ClCompile Include="src\encauth\ocb\ocb_encrypt.c">
      <Filter>encauth\ocb</Filter>
    </ClCompile>
    <ClCompile Include="src\encauth\ocb\ocb_encrypt_authenticate_memory.c">
      <Filter>encauth\ocb</Filter>
    </ClCompile>
    <ClCompile Include="src\encauth\ocb\ocb_init.c">
      <Filter>encauth\ocb</Filter>
    </ClCompile>
    <ClCompile Include="src\encauth\ocb\ocb_ntz.c">
      <Filter>encauth\ocb</Filter>
    </ClCompile>
    <ClCompile Include="src\encauth\ocb\ocb_shift_xor.c">
      <Filter>encauth\ocb</Filter>
    </ClCompile>
    <ClCompile Include="src\encauth\ocb\ocb_test.c">
      <Filter>encauth\ocb</Filter>
    </ClCompile>
    <ClCompile Include="src\encauth\ocb\s_ocb_done.c">
      <Filter>encauth\ocb</Filter>
    </ClCompile>
    <ClCompile Include="src\encauth\ocb3\ocb3_add_aad.c">
      <Filter>encauth\ocb3</Filter>
    </ClCompile>
    <ClCompile Include="src\encauth\ocb3\ocb3_decrypt.c">
      <Filter>encauth\ocb3</Filter>
    </ClCompile>
    <ClCompile Include="src\encauth\ocb3\ocb3_decrypt_last.c">
      <Filter>encauth\ocb3</Filter>
    </ClCompile>
    <ClCompile Include="src\encauth\ocb3\ocb3_decrypt_verify_memory.c">
      <Filter>encauth\ocb3</Filter>
    </ClCompile>
    <ClCompile Include="src\encauth\ocb3\ocb3_done.c">
      <Filter>encauth\ocb3</Filter>
    </ClCompile>
    <ClCompile Include="src\encauth\ocb3\ocb3_encrypt.c">
      <Filter>encauth\ocb3</Filter>
    </ClCompile>
    <ClCompile Include="src\encauth\ocb3\ocb3_encrypt_authenticate_memory.c">
      <Filter>encauth\ocb3</Filter>
    </ClCompile>
    <ClCompile Include="src\encauth\ocb3\ocb3_encrypt_last.c">
      <Filter>encauth\ocb3</Filter>
    </ClCompile>
    <ClCompile Include="src\encauth\ocb3\ocb3_init.c">
      <Filter>encauth\ocb3</Filter>
    </ClCompile>
    <ClCompile Include="src\encauth\ocb3\ocb3_int_ntz.c">
      <Filter>encauth\ocb3</Filter>
    </ClCompile>
    <ClCompile Include="src\encauth\ocb3\ocb3_int_xor_blocks.c">
      <Filter>encauth\ocb3</Filter>
    </ClCompile>
    <ClCompile Include="src\encauth\ocb3\ocb3_test.c">
      <Filter>encauth\ocb3</Filter>
    </ClCompile>
    <ClCompile Include="src\hashes\blake2b.c">
      <Filter>hashes</Filter>
    </ClCompile>
    <ClCompile Include="src\hashes\blake2s.c">
      <Filter>hashes</Filter>
    </ClCompile>
    <ClCompile Include="src\hashes\md2.c">
      <Filter>hashes</Filter>
    </ClCompile>
    <ClCompile Include="src\hashes\md4.c">
      <Filter>hashes</Filter>
    </ClCompile>
    <ClCompile Include="src\hashes\md5.c">
      <Filter>hashes</Filter>
    </ClCompile>
    <ClCompile Include="src\hashes\rmd128.c">
      <Filter>hashes</Filter>
    </ClCompile>
    <ClCompile Include="src\hashes\rmd160.c">
      <Filter>hashes</Filter>
    </ClCompile>
    <ClCompile Include="src\hashes\rmd256.c">
      <Filter>hashes</Filter>
    </ClCompile>
    <ClCompile Include="src\hashes\rmd320.c">
      <Filter>hashes</Filter>
    </ClCompile>
    <ClCompile Include="src\hashes\sha1.c">
      <Filter>hashes</Filter>
    </ClCompile>
    <ClCompile Include="src\hashes\sha3.c">
      <Filter>hashes</Filter>
    </ClCompile>
    <ClCompile Include="src\hashes\sha3_test.c">
      <Filter>hashes</Filter>
    </ClCompile>
    <ClCompile Include="src\hashes\tiger.c">
      <Filter>hashes</Filter>
    </ClCompile>
    <ClCompile Include="src\hashes\chc\chc.c">
      <Filter>hashes\chc</Filter>
    </ClCompile>
    <ClCompile Include="src\hashes\helper\hash_file.c">
      <Filter>hashes\helper</Filter>
    </ClCompile>
    <ClCompile Include="src\hashes\helper\hash_filehandle.c">
      <Filter>hashes\helper</Filter>
    </ClCompile>
    <ClCompile Include="src\hashes\helper\hash_memory.c">
      <Filter>hashes\helper</Filter>
    </ClCompile>
    <ClCompile Include="src\hashes\helper\hash_memory_multi.c">
      <Filter>hashes\helper</Filter>
    </ClCompile>
    <ClCompile Include="src\hashes\sha2\sha224.c">
      <Filter>hashes\sha2</Filter>
    </ClCompile>
    <ClCompile Include="src\hashes\sha2\sha256.c">
      <Filter>hashes\sha2</Filter>
    </ClCompile>
    <ClCompile Include="src\hashes\sha2\sha384.c">
      <Filter>hashes\sha2</Filter>
    </ClCompile>
    <ClCompile Include="src\hashes\sha2\sha512.c">
      <Filter>hashes\sha2</Filter>
    </ClCompile>
    <ClCompile Include="src\hashes\sha2\sha512_224.c">
      <Filter>hashes\sha2</Filter>
    </ClCompile>
    <ClCompile Include="src\hashes\sha2\sha512_256.c">
      <Filter>hashes\sha2</Filter>
    </ClCompile>
    <ClCompile Include="src\hashes\whirl\whirl.c">
      <Filter>hashes\whirl</Filter>
    </ClCompile>
    <ClCompile Include="src\hashes\whirl\whirltab.c">
      <Filter>hashes\whirl</Filter>
    </ClCompile>
    <ClCompile Include="src\mac\blake2\blake2bmac.c">
      <Filter>mac\blake2</Filter>
    </ClCompile>
    <ClCompile Include="src\mac\blake2\blake2bmac_file.c">
      <Filter>mac\blake2</Filter>
    </ClCompile>
    <ClCompile Include="src\mac\blake2\blake2bmac_memory.c">
      <Filter>mac\blake2</Filter>
    </ClCompile>
    <ClCompile Include="src\mac\blake2\blake2bmac_memory_multi.c">
      <Filter>mac\blake2</Filter>
    </ClCompile>
    <ClCompile Include="src\mac\blake2\blake2bmac_test.c">
      <Filter>mac\blake2</Filter>
    </ClCompile>
    <ClCompile Include="src\mac\blake2\blake2smac.c">
      <Filter>mac\blake2</Filter>
    </ClCompile>
    <ClCompile Include="src\mac\blake2\blake2smac_file.c">
      <Filter>mac\blake2</Filter>
    </ClCompile>
    <ClCompile Include="src\mac\blake2\blake2smac_memory.c">
      <Filter>mac\blake2</Filter>
    </ClCompile>
    <ClCompile Include="src\mac\blake2\blake2smac_memory_multi.c">
      <Filter>mac\blake2</Filter>
    </ClCompile>
    <ClCompile Include="src\mac\blake2\blake2smac_test.c">
      <Filter>mac\blake2</Filter>
    </ClCompile>
    <ClCompile Include="src\mac\f9\f9_done.c">
      <Filter>mac\f9</Filter>
    </ClCompile>
    <ClCompile Include="src\mac\f9\f9_file.c">
      <Filter>mac\f9</Filter>
    </ClCompile>
    <ClCompile Include="src\mac\f9\f9_init.c">
      <Filter>mac\f9</Filter>
    </ClCompile>
    <ClCompile Include="src\mac\f9\f9_memory.c">
      <Filter>mac\f9</Filter>
    </ClCompile>
    <ClCompile Include="src\mac\f9\f9_memory_multi.c">
      <Filter>mac\f9</Filter>
    </ClCompile>
    <ClCompile Include="src\mac\f9\f9_process.c">
      <Filter>mac\f9</Filter>
    </ClCompile>
    <ClCompile Include="src\mac\f9\f9_test.c">
      <Filter>mac\f9</Filter>
    </ClCompile>
    <ClCompile Include="src\mac\hmac\hmac_done.c">
      <Filter>mac\hmac</Filter>
    </ClCompile>
    <ClCompile Include="src\mac\hmac\hmac_file.c">
      <Filter>mac\hmac</Filter>
    </ClCompile>
    <ClCompile Include="src\mac\hmac\hmac_init.c">
      <Filter>mac\hmac</Filter>
    </ClCompile>
    <ClCompile Include="src\mac\hmac\hmac_memory.c">
      <Filter>mac\hmac</Filter>
    </ClCompile>
    <ClCompile Include="src\mac\hmac\hmac_memory_multi.c">
      <Filter>mac\hmac</Filter>
    </ClCompile>
    <ClCompile Include="src\mac\hmac\hmac_process.c">
      <Filter>mac\hmac</Filter>
    </ClCompile>
    <ClCompile Include="src\mac\hmac\hmac_test.c">
      <Filter>mac\hmac</Filter>
    </ClCompile>
    <ClCompile Include="src\mac\omac\omac_done.c">
      <Filter>mac\omac</Filter>
    </ClCompile>
    <ClCompile Include="src\mac\omac\omac_file.c">
      <Filter>mac\omac</Filter>
    </ClCompile>
    <ClCompile Include="src\mac\omac\omac_init.c">
      <Filter>mac\omac</Filter>
    </ClCompile>
    <ClCompile Include="src\mac\omac\omac_memory.c">
      <Filter>mac\omac</Filter>
    </ClCompile>
    <ClCompile Include="src\mac\omac\omac_memory_multi.c">
      <Filter>mac\omac</Filter>
    </ClCompile>
    <ClCompile Include="src\mac\omac\omac_process.c">
      <Filter>mac\omac</Filter>
    </ClCompile>
    <ClCompile Include="src\mac\omac\omac_test.c">
      <Filter>mac\omac</Filter>
    </ClCompile>
    <ClCompile Include="src\mac\pelican\pelican.c">
      <Filter>mac\pelican</Filter>
    </ClCompile>
    <ClCompile Include="src\mac\pelican\pelican_memory.c">
      <Filter>mac\pelican</Filter>
    </ClCompile>
    <ClCompile Include="src\mac\pelican\pelican_test.c">
      <Filter>mac\pelican</Filter>
    </ClCompile>
    <ClCompile Include="src\mac\pmac\pmac_done.c">
      <Filter>mac\pmac</Filter>
    </ClCompile>
    <ClCompile Include="src\mac\pmac\pmac_file.c">
      <Filter>mac\pmac</Filter>
    </ClCompile>
    <ClCompile Include="src\mac\pmac\pmac_init.c">
      <Filter>mac\pmac</Filter>
    </ClCompile>
    <ClCompile Include="src\mac\pmac\pmac_memory.c">
      <Filter>mac\pmac</Filter>
    </ClCompile>
    <ClCompile Include="src\mac\pmac\pmac_memory_multi.c">
      <Filter>mac\pmac</Filter>
    </ClCompile>
    <ClCompile Include="src\mac\pmac\pmac_ntz.c">
      <Filter>mac\pmac</Filter>
    </ClCompile>
    <ClCompile Include="src\mac\pmac\pmac_process.c">
      <Filter>mac\pmac</Filter>
    </ClCompile>
    <ClCompile Include="src\mac\pmac\pmac_shift_xor.c">
      <Filter>mac\pmac</Filter>
    </ClCompile>
    <ClCompile Include="src\mac\pmac\pmac_test.c">
      <Filter>mac\pmac</Filter>
    </ClCompile>
    <ClCompile Include="src\mac\poly1305\poly1305.c">
      <Filter>mac\poly1305</Filter>
    </ClCompile>
    <ClCompile Include="src\mac\poly1305\poly1305_file.c">
      <Filter>mac\poly1305</Filter>
    </ClCompile>
    <ClCompile Include="src\mac\poly1305\poly1305_memory.c">
      <Filter>mac\poly1305</Filter>
    </ClCompile>
    <ClCompile Include="src\mac\poly1305\poly1305_memory_multi.c">
      <Filter>mac\poly1305</Filter>
    </ClCompile>
    <ClCompile Include="src\mac\poly1305\poly1305_test.c">
      <Filter>mac\poly1305</Filter>
    </ClCompile>
    <ClCompile Include="src\mac\xcbc\xcbc_done.c">
      <Filter>mac\xcbc</Filter>
    </ClCompile>
    <ClCompile Include="src\mac\xcbc\xcbc_file.c">
      <Filter>mac\xcbc</Filter>
    </ClCompile>
    <ClCompile Include="src\mac\xcbc\xcbc_init.c">
      <Filter>mac\xcbc</Filter>
    </ClCompile>
    <ClCompile Include="src\mac\xcbc\xcbc_memory.c">
      <Filter>mac\xcbc</Filter>
    </ClCompile>
    <ClCompile Include="src\mac\xcbc\xcbc_memory_multi.c">
      <Filter>mac\xcbc</Filter>
    </ClCompile>
    <ClCompile Include="src\mac\xcbc\xcbc_process.c">
      <Filter>mac\xcbc</Filter>
    </ClCompile>
    <ClCompile Include="src\mac\xcbc\xcbc_test.c">
      <Filter>mac\xcbc</Filter>
    </ClCompile>
    <ClCompile Include="src\math\gmp_desc.c">
      <Filter>math</Filter>
    </ClCompile>
    <ClCompile Include="src\math\ltm_desc.c">
      <Filter>math</Filter>
    </ClCompile>
    <ClCompile Include="src\math\multi.c">
      <Filter>math</Filter>
    </ClCompile>
    <ClCompile Include="src\math\radix_to_bin.c">
      <Filter>math</Filter>
    </ClCompile>
    <ClCompile Include="src\math\rand_bn.c">
      <Filter>math</Filter>
    </ClCompile>
    <ClCompile Include="src\math\rand_prime.c">
      <Filter>math</Filter>
    </ClCompile>
    <ClCompile Include="src\math\tfm_desc.c">
      <Filter>math</Filter>
    </ClCompile>
    <ClCompile Include="src\math\fp\ltc_ecc_fp_mulmod.c">
      <Filter>math\fp</Filter>
    </ClCompile>
    <ClCompile Include="src\misc\adler32.c">
      <Filter>misc</Filter>
    </ClCompile>
    <ClCompile Include="src\misc\burn_stack.c">
      <Filter>misc</Filter>
    </ClCompile>
    <ClCompile Include="src\misc\compare_testvector.c">
      <Filter>misc</Filter>
    </ClCompile>
    <ClCompile Include="src\misc\copy_or_zeromem.c">
      <Filter>misc</Filter>
    </ClCompile>
    <ClCompile Include="src\misc\crc32.c">
      <Filter>misc</Filter>
    </ClCompile>
    <ClCompile Include="src\misc\error_to_string.c">
      <Filter>misc</Filter>
    </ClCompile>
    <ClCompile Include="src\misc\mem_neq.c">
      <Filter>misc</Filter>
    </ClCompile>
    <ClCompile Include="src\misc\zeromem.c">
      <Filter>misc</Filter>
    </ClCompile>
    <ClCompile Include="src\misc\base16\base16_decode.c">
      <Filter>misc\base16</Filter>
    </ClCompile>
    <ClCompile Include="src\misc\base16\base16_encode.c">
      <Filter>misc\base16</Filter>
    </ClCompile>
    <ClCompile Include="src\misc\base32\base32_decode.c">
      <Filter>misc\base32</Filter>
    </ClCompile>
    <ClCompile Include="src\misc\base32\base32_encode.c">
      <Filter>misc\base32</Filter>
    </ClCompile>
    <ClCompile Include="src\misc\base64\base64_decode.c">
      <Filter>misc\base64</Filter>
    </ClCompile>
    <ClCompile Include="src\misc\base64\base64_encode.c">
      <Filter>misc\base64</Filter>
    </ClCompile>
    <ClCompile Include="src\misc\crypt\crypt.c">
      <Filter>misc\crypt</Filter>
    </ClCompile>
    <ClCompile Include="src\misc\crypt\crypt_argchk.c">
      <Filter>misc\crypt</Filter>
    </ClCompile>
    <ClCompile Include="src\misc\crypt\crypt_cipher_descriptor.c">
      <Filter>misc\crypt</Filter>
    </ClCompile>
    <ClCompile Include="src\misc\crypt\crypt_cipher_is_valid.c">
      <Filter>misc\crypt</Filter>
    </ClCompile>
    <ClCompile Include="src\misc\crypt\crypt_constants.c">
      <Filter>misc\crypt</Filter>
    </ClCompile>
    <ClCompile Include="src\misc\crypt\crypt_find_cipher.c">
      <Filter>misc\crypt</Filter>
    </ClCompile>
    <ClCompile Include="src\misc\crypt\crypt_find_cipher_any.c">
      <Filter>misc\crypt</Filter>
    </ClCompile>
    <ClCompile Include="src\misc\crypt\crypt_find_cipher_id.c">
      <Filter>misc\crypt</Filter>
    </ClCompile>
    <ClCompile Include="src\misc\crypt\crypt_find_hash.c">
      <Filter>misc\crypt</Filter>
    </ClCompile>
    <ClCompile Include="src\misc\crypt\crypt_find_hash_any.c">
      <Filter>misc\crypt</Filter>
    </ClCompile>
    <ClCompile Include="src\misc\crypt\crypt_find_hash_id.c">
      <Filter>misc\crypt</Filter>
    </ClCompile>
    <ClCompile Include="src\misc\crypt\crypt_find_hash_oid.c">
      <Filter>misc\crypt</Filter>
    </ClCompile>
    <ClCompile Include="src\misc\crypt\crypt_find_prng.c">
      <Filter>misc\crypt</Filter>
    </ClCompile>
    <ClCompile Include="src\misc\crypt\crypt_fsa.c">
      <Filter>misc\crypt</Filter>
    </ClCompile>
    <ClCompile Include="src\misc\crypt\crypt_hash_descriptor.c">
      <Filter>misc\crypt</Filter>
    </ClCompile>
    <ClCompile Include="src\misc\crypt\crypt_hash_is_valid.c">
      <Filter>misc\crypt</Filter>
    </ClCompile>
    <ClCompile Include="src\misc\crypt\crypt_inits.c">
      <Filter>misc\crypt</Filter>
    </ClCompile>
    <ClCompile Include="src\misc\crypt\crypt_ltc_mp_descriptor.c">
      <Filter>misc\crypt</Filter>
    </ClCompile>
    <ClCompile Include="src\misc\crypt\crypt_prng_descriptor.c">
      <Filter>misc\crypt</Filter>
    </ClCompile>
    <ClCompile Include="src\misc\crypt\crypt_prng_is_valid.c">
      <Filter>misc\crypt</Filter>
    </ClCompile>
    <ClCompile Include="src\misc\crypt\crypt_prng_rng_descriptor.c">
      <Filter>misc\crypt</Filter>
    </ClCompile>
    <ClCompile Include="src\misc\crypt\crypt_register_all_ciphers.c">
      <Filter>misc\crypt</Filter>
    </ClCompile>
    <ClCompile Include="src\misc\crypt\crypt_register_all_hashes.c">
      <Filter>misc\crypt</Filter>
    </ClCompile>
    <ClCompile Include="src\misc\crypt\crypt_register_all_prngs.c">
      <Filter>misc\crypt</Filter>
    </ClCompile>
    <ClCompile Include="src\misc\crypt\crypt_register_cipher.c">
      <Filter>misc\crypt</Filter>
    </ClCompile>
    <ClCompile Include="src\misc\crypt\crypt_register_hash.c">
      <Filter>misc\crypt</Filter>
    </ClCompile>
    <ClCompile Include="src\misc\crypt\crypt_register_prng.c">
      <Filter>misc\crypt</Filter>
    </ClCompile>
    <ClCompile Include="src\misc\crypt\crypt_sizes.c">
      <Filter>misc\crypt</Filter>
    </ClCompile>
    <ClCompile Include="src\misc\crypt\crypt_unregister_cipher.c">
      <Filter>misc\crypt</Filter>
    </ClCompile>
    <ClCompile Include="src\misc\crypt\crypt_unregister_hash.c">
      <Filter>misc\crypt</Filter>
    </ClCompile>
    <ClCompile Include="src\misc\crypt\crypt_unregister_prng.c">
      <Filter>misc\crypt</Filter>
    </ClCompile>
    <ClCompile Include="src\misc\hkdf\hkdf.c">
      <Filter>misc\hkdf</Filter>
    </ClCompile>
    <ClCompile Include="src\misc\hkdf\hkdf_test.c">
      <Filter>misc\hkdf</Filter>
    </ClCompile>
    <ClCompile Include="src\misc\padding\padding_depad.c">
      <Filter>misc\padding</Filter>
    </ClCompile>
    <ClCompile Include="src\misc\padding\padding_pad.c">
      <Filter>misc\padding</Filter>
    </ClCompile>
    <ClCompile Include="src\misc\pbes\pbes.c">
      <Filter>misc\pbes</Filter>
    </ClCompile>
    <ClCompile Include="src\misc\pbes\pbes1.c">
      <Filter>misc\pbes</Filter>
    </ClCompile>
    <ClCompile Include="src\misc\pbes\pbes2.c">
      <Filter>misc\pbes</Filter>
    </ClCompile>
    <ClCompile Include="src\misc\pkcs12\pkcs12_kdf.c">
      <Filter>misc\pkcs12</Filter>
    </ClCompile>
    <ClCompile Include="src\misc\pkcs12\pkcs12_utf8_to_utf16.c">
      <Filter>misc\pkcs12</Filter>
    </ClCompile>
    <ClCompile Include="src\misc\pkcs5\pkcs_5_1.c">
      <Filter>misc\pkcs5</Filter>
    </ClCompile>
    <ClCompile Include="src\misc\pkcs5\pkcs_5_2.c">
      <Filter>misc\pkcs5</Filter>
    </ClCompile>
    <ClCompile Include="src\misc\pkcs5\pkcs_5_test.c">
      <Filter>misc\pkcs5</Filter>
    </ClCompile>
    <ClCompile Include="src\misc\ssh\ssh_decode_sequence_multi.c">
      <Filter>misc\ssh</Filter>
    </ClCompile>
    <ClCompile Include="src\misc\ssh\ssh_encode_sequence_multi.c">
      <Filter>misc\ssh</Filter>
    </ClCompile>
    <ClCompile Include="src\modes\cbc\cbc_decrypt.c">
      <Filter>modes\cbc</Filter>
    </ClCompile>
    <ClCompile Include="src\modes\cbc\cbc_done.c">
      <Filter>modes\cbc</Filter>
    </ClCompile>
    <ClCompile Include="src\modes\cbc\cbc_encrypt.c">
      <Filter>modes\cbc</Filter>
    </ClCompile>
    <ClCompile Include="src\modes\cbc\cbc_getiv.c">
      <Filter>modes\cbc</Filter>
    </ClCompile>
    <ClCompile Include="src\modes\cbc\cbc_setiv.c">
      <Filter>modes\cbc</Filter>
    </ClCompile>
    <ClCompile Include="src\modes\cbc\cbc_start.c">
      <Filter>modes\cbc</Filter>
    </ClCompile>
    <ClCompile Include="src\modes\cfb\cfb_decrypt.c">
      <Filter>modes\cfb</Filter>
    </ClCompile>
    <ClCompile Include="src\modes\cfb\cfb_done.c">
      <Filter>modes\cfb</Filter>
    </ClCompile>
    <ClCompile Include="src\modes\cfb\cfb_encrypt.c">
      <Filter>modes\cfb</Filter>
    </ClCompile>
    <ClCompile Include="src\modes\cfb\cfb_getiv.c">
      <Filter>modes\cfb</Filter>
    </ClCompile>
    <ClCompile Include="src\modes\cfb\cfb_setiv.c">
      <Filter>modes\cfb</Filter>
    </ClCompile>
    <ClCompile Include="src\modes\cfb\cfb_start.c">
      <Filter>modes\cfb</Filter>
    </ClCompile>
    <ClCompile Include="src\modes\ctr\ctr_decrypt.c">
      <Filter>modes\ctr</Filter>
    </ClCompile>
    <ClCompile Include="src\modes\ctr\ctr_done.c">
      <Filter>modes\ctr</Filter>
    </ClCompile>
    <ClCompile Include="src\modes\ctr\ctr_encrypt.c">
      <Filter>modes\ctr</Filter>
    </ClCompile>
    <ClCompile Include="src\modes\ctr\ctr_getiv.c">
      <Filter>modes\ctr</Filter>
    </ClCompile>
    <ClCompile Include="src\modes\ctr\ctr_setiv.c">
      <Filter>modes\ctr</Filter>
    </ClCompile>
    <ClCompile Include="src\modes\ctr\ctr_start.c">
      <Filter>modes\ctr</Filter>
    </ClCompile>
    <ClCompile Include="src\modes\ctr\ctr_test.c">
      <Filter>modes\ctr</Filter>
    </ClCompile>
    <ClCompile Include="src\modes\ecb\ecb_decrypt.c">
      <Filter>modes\ecb</Filter>
    </ClCompile>
    <ClCompile Include="src\modes\ecb\ecb_done.c">
      <Filter>modes\ecb</Filter>
    </ClCompile>
    <ClCompile Include="src\modes\ecb\ecb_encrypt.c">
      <Filter>modes\ecb</Filter>
    </ClCompile>
    <ClCompile Include="src\modes\ecb\ecb_start.c">
      <Filter>modes\ecb</Filter>
    </ClCompile>
    <ClCompile Include="src\modes\f8\f8_decrypt.c">
      <Filter>modes\f8</Filter>
    </ClCompile>
    <ClCompile Include="src\modes\f8\f8_done.c">
      <Filter>modes\f8</Filter>
    </ClCompile>
    <ClCompile Include="src\modes\f8\f8_encrypt.c">
      <Filter>modes\f8</Filter>
    </ClCompile>
    <ClCompile Include="src\modes\f8\f8_getiv.c">
      <Filter>modes\f8</Filter>
    </ClCompile>
    <ClCompile Include="src\modes\f8\f8_setiv.c">
      <Filter>modes\f8</Filter>
    </ClCompile>
    <ClCompile Include="src\modes\f8\f8_start.c">
      <Filter>modes\f8</Filter>
    </ClCompile>
    <ClCompile Include="src\modes\f8\f8_test_mode.c">
      <Filter>modes\f8</Filter>
    </ClCompile>
    <ClCompile Include="src\modes\lrw\lrw_decrypt.c">
      <Filter>modes\lrw</Filter>
    </ClCompile>
    <ClCompile Include="src\modes\lrw\lrw_done.c">
      <Filter>modes\lrw</Filter>
    </ClCompile>
    <ClCompile Include="src\modes\lrw\lrw_encrypt.c">
      <Filter>modes\lrw</Filter>
    </ClCompile>
    <ClCompile Include="src\modes\lrw\lrw_getiv.c">
      <Filter>modes\lrw</Filter>
    </ClCompile>
    <ClCompile Include="src\modes\lrw\lrw_process.c">
      <Filter>modes\lrw</Filter>
    </ClCompile>
    <ClCompile Include="src\modes\lrw\lrw_setiv.c">
      <Filter>modes\lrw</Filter>
    </ClCompile>
    <ClCompile Include="src\modes\lrw\lrw_start.c">
      <Filter>modes\lrw</Filter>
    </ClCompile>
    <ClCompile Include="src\modes\lrw\lrw_test.c">
      <Filter>modes\lrw</Filter>
    </ClCompile>
    <ClCompile Include="src\modes\ofb\ofb_decrypt.c">
      <Filter>modes\ofb</Filter>
    </ClCompile>
    <ClCompile Include="src\modes\ofb\ofb_done.c">
      <Filter>modes\ofb</Filter>
    </ClCompile>
    <ClCompile Include="src\modes\ofb\ofb_encrypt.c">
      <Filter>modes\ofb</Filter>
    </ClCompile>
    <ClCompile Include="src\modes\ofb\ofb_getiv.c">
      <Filter>modes\ofb</Filter>
    </ClCompile>
    <ClCompile Include="src\modes\ofb\ofb_setiv.c">
      <Filter>modes\ofb</Filter>
    </ClCompile>
    <ClCompile Include="src\modes\ofb\ofb_start.c">
      <Filter>modes\ofb</Filter>
    </ClCompile>
    <ClCompile Include="src\modes\xts\xts_decrypt.c">
      <Filter>modes\xts</Filter>
    </ClCompile>
    <ClCompile Include="src\modes\xts\xts_done.c">
      <Filter>modes\xts</Filter>
    </ClCompile>
    <ClCompile Include="src\modes\xts\xts_encrypt.c">
      <Filter>modes\xts</Filter>
    </ClCompile>
    <ClCompile Include="src\modes\xts\xts_init.c">
      <Filter>modes\xts</Filter>
    </ClCompile>
    <ClCompile Include="src\modes\xts\xts_mult_x.c">
      <Filter>modes\xts</Filter>
    </ClCompile>
    <ClCompile Include="src\modes\xts\xts_test.c">
      <Filter>modes\xts</Filter>
    </ClCompile>
    <ClCompile Include="src\pk\asn1\der\bit\der_decode_bit_string.c">
      <Filter>pk\asn1\der\bit</Filter>
    </ClCompile>
    <ClCompile Include="src\pk\asn1\der\bit\der_decode_raw_bit_string.c">
      <Filter>pk\asn1\der\bit</Filter>
    </ClCompile>
    <ClCompile Include="src\pk\asn1\der\bit\der_encode_bit_string.c">
      <Filter>pk\asn1\der\bit</Filter>
    </ClCompile>
    <ClCompile Include="src\pk\asn1\der\bit\der_encode_raw_bit_string.c">
      <Filter>pk\asn1\der\bit</Filter>
    </ClCompile>
    <ClCompile Include="src\pk\asn1\der\bit\der_length_bit_string.c">
      <Filter>pk\asn1\der\bit</Filter>
    </ClCompile>
    <ClCompile Include="src\pk\asn1\der\boolean\der_decode_boolean.c">
      <Filter>pk\asn1\der\boolean</Filter>
    </ClCompile>
    <ClCompile Include="src\pk\asn1\der\boolean\der_encode_boolean.c">
      <Filter>pk\asn1\der\boolean</Filter>
    </ClCompile>
    <ClCompile Include="src\pk\asn1\der\boolean\der_length_boolean.c">
      <Filter>pk\asn1\der\boolean</Filter>
    </ClCompile>
    <ClCompile Include="src\pk\asn1\der\choice\der_decode_choice.c">
      <Filter>pk\asn1\der\choice</Filter>
    </ClCompile>
    <ClCompile Include="src\pk\asn1\der\custom_type\der_decode_custom_type.c">
      <Filter>pk\asn1\der\custom_type</Filter>
    </ClCompile>
    <ClCompile Include="src\pk\asn1\der\custom_type\der_encode_custom_type.c">
      <Filter>pk\asn1\der\custom_type</Filter>
    </ClCompile>
    <ClCompile Include="src\pk\asn1\der\custom_type\der_length_custom_type.c">
      <Filter>pk\asn1\der\custom_type</Filter>
    </ClCompile>
    <ClCompile Include="src\pk\asn1\der\general\der_asn1_maps.c">
      <Filter>pk\asn1\der\general</Filter>
    </ClCompile>
    <ClCompile Include="src\pk\asn1\der\general\der_decode_asn1_identifier.c">
      <Filter>pk\asn1\der\general</Filter>
    </ClCompile>
    <ClCompile Include="src\pk\asn1\der\general\der_decode_asn1_length.c">
      <Filter>pk\asn1\der\general</Filter>
    </ClCompile>
    <ClCompile Include="src\pk\asn1\der\general\der_encode_asn1_identifier.c">
      <Filter>pk\asn1\der\general</Filter>
    </ClCompile>
    <ClCompile Include="src\pk\asn1\der\general\der_encode_asn1_length.c">
      <Filter>pk\asn1\der\general</Filter>
    </ClCompile>
    <ClCompile Include="src\pk\asn1\der\general\der_length_asn1_identifier.c">
      <Filter>pk\asn1\der\general</Filter>
    </ClCompile>
    <ClCompile Include="src\pk\asn1\der\general\der_length_asn1_length.c">
      <Filter>pk\asn1\der\general</Filter>
    </ClCompile>
    <ClCompile Include="src\pk\asn1\der\generalizedtime\der_decode_generalizedtime.c">
      <Filter>pk\asn1\der\generalizedtime</Filter>
    </ClCompile>
    <ClCompile Include="src\pk\asn1\der\generalizedtime\der_encode_generalizedtime.c">
      <Filter>pk\asn1\der\generalizedtime</Filter>
    </ClCompile>
    <ClCompile Include="src\pk\asn1\der\generalizedtime\der_length_generalizedtime.c">
      <Filter>pk\asn1\der\generalizedtime</Filter>
    </ClCompile>
    <ClCompile Include="src\pk\asn1\der\ia5\der_decode_ia5_string.c">
      <Filter>pk\asn1\der\ia5</Filter>
    </ClCompile>
    <ClCompile Include="src\pk\asn1\der\ia5\der_encode_ia5_string.c">
      <Filter>pk\asn1\der\ia5</Filter>
    </ClCompile>
    <ClCompile Include="src\pk\asn1\der\ia5\der_length_ia5_string.c">
      <Filter>pk\asn1\der\ia5</Filter>
    </ClCompile>
    <ClCompile Include="src\pk\asn1\der\integer\der_decode_integer.c">
      <Filter>pk\asn1\der\integer</Filter>
    </ClCompile>
    <ClCompile Include="src\pk\asn1\der\integer\der_encode_integer.c">
      <Filter>pk\asn1\der\integer</Filter>
    </ClCompile>
    <ClCompile Include="src\pk\asn1\der\integer\der_length_integer.c">
      <Filter>pk\asn1\der\integer</Filter>
    </ClCompile>
    <ClCompile Include="src\pk\asn1\der\object_identifier\der_decode_object_identifier.c">
      <Filter>pk\asn1\der\object_identifier</Filter>
    </ClCompile>
    <ClCompile Include="src\pk\asn1\der\object_identifier\der_encode_object_identifier.c">
      <Filter>pk\asn1\der\object_identifier</Filter>
    </ClCompile>
    <ClCompile Include="src\pk\asn1\der\object_identifier\der_length_object_identifier.c">
      <Filter>pk\asn1\der\object_identifier</Filter>
    </ClCompile>
    <ClCompile Include="src\pk\asn1\der\octet\der_decode_octet_string.c">
      <Filter>pk\asn1\der\octet</Filter>
    </ClCompile>
    <ClCompile Include="src\pk\asn1\der\octet\der_encode_octet_string.c">
      <Filter>pk\asn1\der\octet</Filter>
    </ClCompile>
    <ClCompile Include="src\pk\asn1\der\octet\der_length_octet_string.c">
      <Filter>pk\asn1\der\octet</Filter>
    </ClCompile>
    <ClCompile Include="src\pk\asn1\der\printable_string\der_decode_printable_string.c">
      <Filter>pk\asn1\der\printable_string</Filter>
    </ClCompile>
    <ClCompile Include="src\pk\asn1\der\printable_string\der_encode_printable_string.c">
      <Filter>pk\asn1\der\printable_string</Filter>
    </ClCompile>
    <ClCompile Include="src\pk\asn1\der\printable_string\der_length_printable_string.c">
      <Filter>pk\asn1\der\printable_string</Filter>
    </ClCompile>
    <ClCompile Include="src\pk\asn1\der\sequence\der_decode_sequence_ex.c">
      <Filter>pk\asn1\der\sequence</Filter>
    </ClCompile>
    <ClCompile Include="src\pk\asn1\der\sequence\der_decode_sequence_flexi.c">
      <Filter>pk\asn1\der\sequence</Filter>
    </ClCompile>
    <ClCompile Include="src\pk\asn1\der\sequence\der_decode_sequence_multi.c">
      <Filter>pk\asn1\der\sequence</Filter>
    </ClCompile>
    <ClCompile Include="src\pk\asn1\der\sequence\der_encode_sequence_ex.c">
      <Filter>pk\asn1\der\sequence</Filter>
    </ClCompile>
    <ClCompile Include="src\pk\asn1\der\sequence\der_encode_sequence_multi.c">
      <Filter>pk\asn1\der\sequence</Filter>
    </ClCompile>
    <ClCompile Include="src\pk\asn1\der\sequence\der_length_sequence.c">
      <Filter>pk\asn1\der\sequence</Filter>
    </ClCompile>
    <ClCompile Include="src\pk\asn1\der\sequence\der_sequence_free.c">
      <Filter>pk\asn1\der\sequence</Filter>
    </ClCompile>
    <ClCompile Include="src\pk\asn1\der\sequence\der_sequence_shrink.c">
      <Filter>pk\asn1\der\sequence</Filter>
    </ClCompile>
    <ClCompile Include="src\pk\asn1\der\set\der_encode_set.c">
      <Filter>pk\asn1\der\set</Filter>
    </ClCompile>
    <ClCompile Include="src\pk\asn1\der\set\der_encode_setof.c">
      <Filter>pk\asn1\der\set</Filter>
    </ClCompile>
    <ClCompile Include="src\pk\asn1\der\short_integer\der_decode_short_integer.c">
      <Filter>pk\asn1\der\short_integer</Filter>
    </ClCompile>
    <ClCompile Include="src\pk\asn1\der\short_integer\der_encode_short_integer.c">
      <Filter>pk\asn1\der\short_integer</Filter>
    </ClCompile>
    <ClCompile Include="src\pk\asn1\der\short_integer\der_length_short_integer.c">
      <Filter>pk\asn1\der\short_integer</Filter>
    </ClCompile>
    <ClCompile Include="src\pk\asn1\der\teletex_string\der_decode_teletex_string.c">
      <Filter>pk\asn1\der\teletex_string</Filter>
    </ClCompile>
    <ClCompile Include="src\pk\asn1\der\teletex_string\der_length_teletex_string.c">
      <Filter>pk\asn1\der\teletex_string</Filter>
    </ClCompile>
    <ClCompile Include="src\pk\asn1\der\utctime\der_decode_utctime.c">
      <Filter>pk\asn1\der\utctime</Filter>
    </ClCompile>
    <ClCompile Include="src\pk\asn1\der\utctime\der_encode_utctime.c">
      <Filter>pk\asn1\der\utctime</Filter>
    </ClCompile>
    <ClCompile Include="src\pk\asn1\der\utctime\der_length_utctime.c">
      <Filter>pk\asn1\der\utctime</Filter>
    </ClCompile>
    <ClCompile Include="src\pk\asn1\der\utf8\der_decode_utf8_string.c">
      <Filter>pk\asn1\der\utf8</Filter>
    </ClCompile>
    <ClCompile Include="src\pk\asn1\der\utf8\der_encode_utf8_string.c">
      <Filter>pk\asn1\der\utf8</Filter>
    </ClCompile>
    <ClCompile Include="src\pk\asn1\der\utf8\der_length_utf8_string.c">
      <Filter>pk\asn1\der\utf8</Filter>
    </ClCompile>
    <ClCompile Include="src\pk\asn1\oid\pk_get_oid.c">
      <Filter>pk\asn1\oid</Filter>
    </ClCompile>
    <ClCompile Include="src\pk\asn1\oid\pk_oid_cmp.c">
      <Filter>pk\asn1\oid</Filter>
    </ClCompile>
    <ClCompile Include="src\pk\asn1\oid\pk_oid_str.c">
      <Filter>pk\asn1\oid</Filter>
    </ClCompile>
    <ClCompile Include="src\pk\asn1\pkcs8\pkcs8_decode_flexi.c">
      <Filter>pk\asn1\pkcs8</Filter>
    </ClCompile>
    <ClCompile Include="src\pk\asn1\x509\x509_decode_subject_public_key_info.c">
      <Filter>pk\asn1\x509</Filter>
    </ClCompile>
    <ClCompile Include="src\pk\asn1\x509\x509_encode_subject_public_key_info.c">
      <Filter>pk\asn1\x509</Filter>
    </ClCompile>
    <ClCompile Include="src\pk\dh\dh.c">
      <Filter>pk\dh</Filter>
    </ClCompile>
    <ClCompile Include="src\pk\dh\dh_check_pubkey.c">
      <Filter>pk\dh</Filter>
    </ClCompile>
    <ClCompile Include="src\pk\dh\dh_export.c">
      <Filter>pk\dh</Filter>
    </ClCompile>
    <ClCompile Include="src\pk\dh\dh_export_key.c">
      <Filter>pk\dh</Filter>
    </ClCompile>
    <ClCompile Include="src\pk\dh\dh_free.c">
      <Filter>pk\dh</Filter>
    </ClCompile>
    <ClCompile Include="src\pk\dh\dh_generate_key.c">
      <Filter>pk\dh</Filter>
    </ClCompile>
    <ClCompile Include="src\pk\dh\dh_import.c">
      <Filter>pk\dh</Filter>
    </ClCompile>
    <ClCompile Include="src\pk\dh\dh_set.c">
      <Filter>pk\dh</Filter>
    </ClCompile>
    <ClCompile Include="src\pk\dh\dh_set_pg_dhparam.c">
      <Filter>pk\dh</Filter>
    </ClCompile>
    <ClCompile Include="src\pk\dh\dh_shared_secret.c">
      <Filter>pk\dh</Filter>
    </ClCompile>
    <ClCompile Include="src\pk\dsa\dsa_decrypt_key.c">
      <Filter>pk\dsa</Filter>
    </ClCompile>
    <ClCompile Include="src\pk\dsa\dsa_encrypt_key.c">
      <Filter>pk\dsa</Filter>
    </ClCompile>
    <ClCompile Include="src\pk\dsa\dsa_export.c">
      <Filter>pk\dsa</Filter>
    </ClCompile>
    <ClCompile Include="src\pk\dsa\dsa_free.c">
      <Filter>pk\dsa</Filter>
    </ClCompile>
    <ClCompile Include="src\pk\dsa\dsa_generate_key.c">
      <Filter>pk\dsa</Filter>
    </ClCompile>
    <ClCompile Include="src\pk\dsa\dsa_generate_pqg.c">
      <Filter>pk\dsa</Filter>
    </ClCompile>
    <ClCompile Include="src\pk\dsa\dsa_import.c">
      <Filter>pk\dsa</Filter>
    </ClCompile>
    <ClCompile Include="src\pk\dsa\dsa_make_key.c">
      <Filter>pk\dsa</Filter>
    </ClCompile>
    <ClCompile Include="src\pk\dsa\dsa_set.c">
      <Filter>pk\dsa</Filter>
    </ClCompile>
    <ClCompile Include="src\pk\dsa\dsa_set_pqg_dsaparam.c">
      <Filter>pk\dsa</Filter>
    </ClCompile>
    <ClCompile Include="src\pk\dsa\dsa_shared_secret.c">
      <Filter>pk\dsa</Filter>
    </ClCompile>
    <ClCompile Include="src\pk\dsa\dsa_sign_hash.c">
      <Filter>pk\dsa</Filter>
    </ClCompile>
    <ClCompile Include="src\pk\dsa\dsa_verify_hash.c">
      <Filter>pk\dsa</Filter>
    </ClCompile>
    <ClCompile Include="src\pk\dsa\dsa_verify_key.c">
      <Filter>pk\dsa</Filter>
    </ClCompile>
    <ClCompile Include="src\pk\ecc\ecc.c">
      <Filter>pk\ecc</Filter>
    </ClCompile>
    <ClCompile Include="src\pk\ecc\ecc_ansi_x963_export.c">
      <Filter>pk\ecc</Filter>
    </ClCompile>
    <ClCompile Include="src\pk\ecc\ecc_ansi_x963_import.c">
      <Filter>pk\ecc</Filter>
    </ClCompile>
    <ClCompile Include="src\pk\ecc\ecc_decrypt_key.c">
      <Filter>pk\ecc</Filter>
    </ClCompile>
    <ClCompile Include="src\pk\ecc\ecc_encrypt_key.c">
      <Filter>pk\ecc</Filter>
    </ClCompile>
    <ClCompile Include="src\pk\ecc\ecc_export.c">
      <Filter>pk\ecc</Filter>
    </ClCompile>
    <ClCompile Include="src\pk\ecc\ecc_export_openssl.c">
      <Filter>pk\ecc</Filter>
    </ClCompile>
    <ClCompile Include="src\pk\ecc\ecc_find_curve.c">
      <Filter>pk\ecc</Filter>
    </ClCompile>
    <ClCompile Include="src\pk\ecc\ecc_free.c">
      <Filter>pk\ecc</Filter>
    </ClCompile>
    <ClCompile Include="src\pk\ecc\ecc_get_key.c">
      <Filter>pk\ecc</Filter>
    </ClCompile>
    <ClCompile Include="src\pk\ecc\ecc_get_oid_str.c">
      <Filter>pk\ecc</Filter>
    </ClCompile>
    <ClCompile Include="src\pk\ecc\ecc_get_size.c">
      <Filter>pk\ecc</Filter>
    </ClCompile>
    <ClCompile Include="src\pk\ecc\ecc_import.c">
      <Filter>pk\ecc</Filter>
    </ClCompile>
    <ClCompile Include="src\pk\ecc\ecc_import_openssl.c">
      <Filter>pk\ecc</Filter>
    </ClCompile>
    <ClCompile Include="src\pk\ecc\ecc_import_pkcs8.c">
      <Filter>pk\ecc</Filter>
    </ClCompile>
    <ClCompile Include="src\pk\ecc\ecc_import_x509.c">
      <Filter>pk\ecc</Filter>
    </ClCompile>
    <ClCompile Include="src\pk\ecc\ecc_make_key.c">
      <Filter>pk\ecc</Filter>
    </ClCompile>
    <ClCompile Include="src\pk\ecc\ecc_recover_key.c">
      <Filter>pk\ecc</Filter>
    </ClCompile>
    <ClCompile Include="src\pk\ecc\ecc_set_curve.c">
      <Filter>pk\ecc</Filter>
    </ClCompile>
    <ClCompile Include="src\pk\ecc\ecc_set_curve_internal.c">
      <Filter>pk\ecc</Filter>
    </ClCompile>
    <ClCompile Include="src\pk\ecc\ecc_set_key.c">
      <Filter>pk\ecc</Filter>
    </ClCompile>
    <ClCompile Include="src\pk\ecc\ecc_shared_secret.c">
      <Filter>pk\ecc</Filter>
    </ClCompile>
    <ClCompile Include="src\pk\ecc\ecc_sign_hash.c">
      <Filter>pk\ecc</Filter>
    </ClCompile>
    <ClCompile Include="src\pk\ecc\ecc_sizes.c">
      <Filter>pk\ecc</Filter>
    </ClCompile>
    <ClCompile Include="src\pk\ecc\ecc_ssh_ecdsa_encode_name.c">
      <Filter>pk\ecc</Filter>
    </ClCompile>
    <ClCompile Include="src\pk\ecc\ecc_verify_hash.c">
      <Filter>pk\ecc</Filter>
    </ClCompile>
    <ClCompile Include="src\pk\ecc\ltc_ecc_export_point.c">
      <Filter>pk\ecc</Filter>
    </ClCompile>
    <ClCompile Include="src\pk\ecc\ltc_ecc_import_point.c">
      <Filter>pk\ecc</Filter>
    </ClCompile>
    <ClCompile Include="src\pk\ecc\ltc_ecc_is_point.c">
      <Filter>pk\ecc</Filter>
    </ClCompile>
    <ClCompile Include="src\pk\ecc\ltc_ecc_is_point_at_infinity.c">
      <Filter>pk\ecc</Filter>
    </ClCompile>
    <ClCompile Include="src\pk\ecc\ltc_ecc_map.c">
      <Filter>pk\ecc</Filter>
    </ClCompile>
    <ClCompile Include="src\pk\ecc\ltc_ecc_mul2add.c">
      <Filter>pk\ecc</Filter>
    </ClCompile>
    <ClCompile Include="src\pk\ecc\ltc_ecc_mulmod.c">
      <Filter>pk\ecc</Filter>
    </ClCompile>
    <ClCompile Include="src\pk\ecc\ltc_ecc_mulmod_timing.c">
      <Filter>pk\ecc</Filter>
    </ClCompile>
    <ClCompile Include="src\pk\ecc\ltc_ecc_points.c">
      <Filter>pk\ecc</Filter>
    </ClCompile>
    <ClCompile Include="src\pk\ecc\ltc_ecc_projective_add_point.c">
      <Filter>pk\ecc</Filter>
    </ClCompile>
    <ClCompile Include="src\pk\ecc\ltc_ecc_projective_dbl_point.c">
      <Filter>pk\ecc</Filter>
    </ClCompile>
    <ClCompile Include="src\pk\ecc\ltc_ecc_verify_key.c">
      <Filter>pk\ecc</Filter>
    </ClCompile>
    <ClCompile Include="src\pk\pkcs1\pkcs_1_i2osp.c">
      <Filter>pk\pkcs1</Filter>
    </ClCompile>
    <ClCompile Include="src\pk\pkcs1\pkcs_1_mgf1.c">
      <Filter>pk\pkcs1</Filter>
    </ClCompile>
    <ClCompile Include="src\pk\pkcs1\pkcs_1_oaep_decode.c">
      <Filter>pk\pkcs1</Filter>
    </ClCompile>
    <ClCompile Include="src\pk\pkcs1\pkcs_1_oaep_encode.c">
      <Filter>pk\pkcs1</Filter>
    </ClCompile>
    <ClCompile Include="src\pk\pkcs1\pkcs_1_os2ip.c">
      <Filter>pk\pkcs1</Filter>
    </ClCompile>
    <ClCompile Include="src\pk\pkcs1\pkcs_1_pss_decode.c">
      <Filter>pk\pkcs1</Filter>
    </ClCompile>
    <ClCompile Include="src\pk\pkcs1\pkcs_1_pss_encode.c">
      <Filter>pk\pkcs1</Filter>
    </ClCompile>
    <ClCompile Include="src\pk\pkcs1\pkcs_1_v1_5_decode.c">
      <Filter>pk\pkcs1</Filter>
    </ClCompile>
    <ClCompile Include="src\pk\pkcs1\pkcs_1_v1_5_encode.c">
      <Filter>pk\pkcs1</Filter>
    </ClCompile>
    <ClCompile Include="src\pk\rsa\rsa_decrypt_key.c">
      <Filter>pk\rsa</Filter>
    </ClCompile>
    <ClCompile Include="src\pk\rsa\rsa_encrypt_key.c">
      <Filter>pk\rsa</Filter>
    </ClCompile>
    <ClCompile Include="src\pk\rsa\rsa_export.c">
      <Filter>pk\rsa</Filter>
    </ClCompile>
    <ClCompile Include="src\pk\rsa\rsa_exptmod.c">
      <Filter>pk\rsa</Filter>
    </ClCompile>
    <ClCompile Include="src\pk\rsa\rsa_free.c">
      <Filter>pk\rsa</Filter>
    </ClCompile>
    <ClCompile Include="src\pk\rsa\rsa_get_size.c">
      <Filter>pk\rsa</Filter>
    </ClCompile>
    <ClCompile Include="src\pk\rsa\rsa_import.c">
      <Filter>pk\rsa</Filter>
    </ClCompile>
    <ClCompile Include="src\pk\rsa\rsa_import_pkcs8.c">
      <Filter>pk\rsa</Filter>
    </ClCompile>
    <ClCompile Include="src\pk\rsa\rsa_import_x509.c">
      <Filter>pk\rsa</Filter>
    </ClCompile>
    <ClCompile Include="src\pk\rsa\rsa_make_key.c">
      <Filter>pk\rsa</Filter>
    </ClCompile>
    <ClCompile Include="src\pk\rsa\rsa_set.c">
      <Filter>pk\rsa</Filter>
    </ClCompile>
    <ClCompile Include="src\pk\rsa\rsa_sign_hash.c">
      <Filter>pk\rsa</Filter>
    </ClCompile>
    <ClCompile Include="src\pk\rsa\rsa_sign_saltlen_get.c">
      <Filter>pk\rsa</Filter>
    </ClCompile>
    <ClCompile Include="src\pk\rsa\rsa_verify_hash.c">
      <Filter>pk\rsa</Filter>
    </ClCompile>
    <ClCompile Include="src\prngs\chacha20.c">
      <Filter>prngs</Filter>
    </ClCompile>
    <ClCompile Include="src\prngs\fortuna.c">
      <Filter>prngs</Filter>
    </ClCompile>
    <ClCompile Include="src\prngs\rc4.c">
      <Filter>prngs</Filter>
    </ClCompile>
    <ClCompile Include="src\prngs\rng_get_bytes.c">
      <Filter>prngs</Filter>
    </ClCompile>
    <ClCompile Include="src\prngs\rng_make_prng.c">
      <Filter>prngs</Filter>
    </ClCompile>
    <ClCompile Include="src\prngs\sober128.c">
      <Filter>prngs</Filter>
    </ClCompile>
    <ClCompile Include="src\prngs\sprng.c">
      <Filter>prngs</Filter>
    </ClCompile>
    <ClCompile Include="src\prngs\yarrow.c">
      <Filter>prngs</Filter>
    </ClCompile>
    <ClCompile Include="src\stream\chacha\chacha_crypt.c">
      <Filter>stream\chacha</Filter>
    </ClCompile>
    <ClCompile Include="src\stream\chacha\chacha_done.c">
      <Filter>stream\chacha</Filter>
    </ClCompile>
    <ClCompile Include="src\stream\chacha\chacha_ivctr32.c">
      <Filter>stream\chacha</Filter>
    </ClCompile>
    <ClCompile Include="src\stream\chacha\chacha_ivctr64.c">
      <Filter>stream\chacha</Filter>
    </ClCompile>
    <ClCompile Include="src\stream\chacha\chacha_keystream.c">
      <Filter>stream\chacha</Filter>
    </ClCompile>
    <ClCompile Include="src\stream\chacha\chacha_memory.c">
      <Filter>stream\chacha</Filter>
    </ClCompile>
    <ClCompile Include="src\stream\chacha\chacha_setup.c">
      <Filter>stream\chacha</Filter>
    </ClCompile>
    <ClCompile Include="src\stream\chacha\chacha_test.c">
      <Filter>stream\chacha</Filter>
    </ClCompile>
    <ClCompile Include="src\stream\rabbit\rabbit.c">
      <Filter>stream\rabbit</Filter>
    </ClCompile>
    <ClCompile Include="src\stream\rabbit\rabbit_memory.c">
      <Filter>stream\rabbit</Filter>
    </ClCompile>
    <ClCompile Include="src\stream\rc4\rc4_stream.c">
      <Filter>stream\rc4</Filter>
    </ClCompile>
    <ClCompile Include="src\stream\rc4\rc4_stream_memory.c">
      <Filter>stream\rc4</Filter>
    </ClCompile>
    <ClCompile Include="src\stream\rc4\rc4_test.c">
      <Filter>stream\rc4</Filter>
    </ClCompile>
    <ClCompile Include="src\stream\salsa20\salsa20_crypt.c">
      <Filter>stream\salsa20</Filter>
    </ClCompile>
    <ClCompile Include="src\stream\salsa20\salsa20_done.c">
      <Filter>stream\salsa20</Filter>
    </ClCompile>
    <ClCompile Include="src\stream\salsa20\salsa20_ivctr64.c">
      <Filter>stream\salsa20</Filter>
    </ClCompile>
    <ClCompile Include="src\stream\salsa20\salsa20_keystream.c">
      <Filter>stream\salsa20</Filter>
    </ClCompile>
    <ClCompile Include="src\stream\salsa20\salsa20_memory.c">
      <Filter>stream\salsa20</Filter>
    </ClCompile>
    <ClCompile Include="src\stream\salsa20\salsa20_setup.c">
      <Filter>stream\salsa20</Filter>
    </ClCompile>
    <ClCompile Include="src\stream\salsa20\salsa20_test.c">
      <Filter>stream\salsa20</Filter>
    </ClCompile>
    <ClCompile Include="src\stream\salsa20\xsalsa20_memory.c">
      <Filter>stream\salsa20</Filter>
    </ClCompile>
    <ClCompile Include="src\stream\salsa20\xsalsa20_setup.c">
      <Filter>stream\salsa20</Filter>
    </ClCompile>
    <ClCompile Include="src\stream\salsa20\xsalsa20_test.c">
      <Filter>stream\salsa20</Filter>
    </ClCompile>
    <ClCompile Include="src\stream\sober128\sober128_stream.c">
      <Filter>stream\sober128</Filter>
    </ClCompile>
    <ClCompile Include="src\stream\sober128\sober128_stream_memory.c">
      <Filter>stream\sober128</Filter>
    </ClCompile>
    <ClCompile Include="src\stream\sober128\sober128_test.c">
      <Filter>stream\sober128</Filter>
    </ClCompile>
    <ClCompile Include="src\stream\sober128\sober128tab.c">
      <Filter>stream\sober128</Filter>
    </ClCompile>
    <ClCompile Include="src\stream\sosemanuk\sosemanuk.c">
      <Filter>stream\sosemanuk</Filter>
    </ClCompile>
    <ClCompile Include="src\stream\sosemanuk\sosemanuk_memory.c">
      <Filter>stream\sosemanuk</Filter>
    </ClCompile>
    <ClCompile Include="src\stream\sosemanuk\sosemanuk_test.c">
      <Filter>stream\sosemanuk</Filter>
    </ClCompile>
  </ItemGroup>
  <ItemGroup>
    <ClInclude Include="src\headers\tomcrypt.h">
      <Filter>headers</Filter>
    </ClInclude>
    <ClInclude Include="src\headers\tomcrypt_argchk.h">
      <Filter>headers</Filter>
    </ClInclude>
    <ClInclude Include="src\headers\tomcrypt_cfg.h">
      <Filter>headers</Filter>
    </ClInclude>
    <ClInclude Include="src\headers\tomcrypt_cipher.h">
      <Filter>headers</Filter>
    </ClInclude>
    <ClInclude Include="src\headers\tomcrypt_custom.h">
      <Filter>headers</Filter>
    </ClInclude>
    <ClInclude Include="src\headers\tomcrypt_hash.h">
      <Filter>headers</Filter>
    </ClInclude>
    <ClInclude Include="src\headers\tomcrypt_mac.h">
      <Filter>headers</Filter>
    </ClInclude>
    <ClInclude Include="src\headers\tomcrypt_macros.h">
      <Filter>headers</Filter>
    </ClInclude>
    <ClInclude Include="src\headers\tomcrypt_math.h">
      <Filter>headers</Filter>
    </ClInclude>
    <ClInclude Include="src\headers\tomcrypt_misc.h">
      <Filter>headers</Filter>
    </ClInclude>
    <ClInclude Include="src\headers\tomcrypt_pk.h">
      <Filter>headers</Filter>
    </ClInclude>
    <ClInclude Include="src\headers\tomcrypt_pkcs.h">
      <Filter>headers</Filter>
    </ClInclude>
    <ClInclude Include="src\headers\tomcrypt_private.h">
      <Filter>headers</Filter>
    </ClInclude>
    <ClInclude Include="src\headers\tomcrypt_prng.h">
      <Filter>headers</Filter>
    </ClInclude>
  </ItemGroup>
</Project>